
Microsoft Visual Studio Solution File, Format Version 12.00
# Visual Studio Version 16
VisualStudioVersion = 16.0.31205.134
MinimumVisualStudioVersion = 10.0.40219.1
Project("{FAE04EC0-301F-11D3-BF4B-00C04F79EFBC}") = "HTML 5 Tema Projesi", "HTML 5 Tema Projesi\HTML 5 Tema Projesi.csproj", "{6C81F271-3C6F-4E1C-A4F2-683BF6476792}"
EndProject
Global
	GlobalSection(SolutionConfigurationPlatforms) = preSolution
		Debug|Any CPU = Debug|Any CPU
		Release|Any CPU = Release|Any CPU
	EndGlobalSection
	GlobalSection(ProjectConfigurationPlatforms) = postSolution
		{6C81F271-3C6F-4E1C-A4F2-683BF6476792}.Debug|Any CPU.ActiveCfg = Debug|Any CPU
		{6C81F271-3C6F-4E1C-A4F2-683BF6476792}.Debug|Any CPU.Build.0 = Debug|Any CPU
		{6C81F271-3C6F-4E1C-A4F2-683BF6476792}.Release|Any CPU.ActiveCfg = Release|Any CPU
		{6C81F271-3C6F-4E1C-A4F2-683BF6476792}.Release|Any CPU.Build.0 = Release|Any CPU
	EndGlobalSection
	GlobalSection(SolutionProperties) = preSolution
		HideSolutionNode = FALSE
	EndGlobalSection
	GlobalSection(ExtensibilityGlobals) = postSolution
		SolutionGuid = {82E20DF3-6124-43FE-90D2-EC5ABE923309}
	EndGlobalSection
EndGlobal
